
Microsoft Visual Studio Solution File, Format Version 12.00
# Visual Studio Version 16
VisualStudioVersion = 16.0.31005.135
MinimumVisualStudioVersion = 10.0.40219.1
Project("{FAE04EC0-301F-11D3-BF4B-00C04F79EFBC}") = "Cointer", "Cointer\Cointer.csproj", "{196EA48A-B86E-42CB-A075-3E72A9A2618B}"
EndProject
Global
	GlobalSection(SolutionConfigurationPlatforms) = preSolution
		Debug|Any CPU = Debug|Any CPU
		Release|Any CPU = Release|Any CPU
	EndGlobalSection
	GlobalSection(ProjectConfigurationPlatforms) = postSolution
		{196EA48A-B86E-42CB-A075-3E72A9A2618B}.Debug|Any CPU.ActiveCfg = Debug|Any CPU
		{196EA48A-B86E-42CB-A075-3E72A9A2618B}.Debug|Any CPU.Build.0 = Debug|Any CPU
		{196EA48A-B86E-42CB-A075-3E72A9A2618B}.Release|Any CPU.ActiveCfg = Release|Any CPU
		{196EA48A-B86E-42CB-A075-3E72A9A2618B}.Release|Any CPU.Build.0 = Release|Any CPU
	EndGlobalSection
	GlobalSection(SolutionProperties) = preSolution
		HideSolutionNode = FALSE
	EndGlobalSection
	GlobalSection(ExtensibilityGlobals) = postSolution
		SolutionGuid = {BB575F99-002E-4372-A113-1D6722F6824B}
	EndGlobalSection
EndGlobal
